// !$*UTF8*$!
{
	archiveVersion = 1;
	classes = {
	};
	objectVersion = 77;
	objects = {

/* Begin PBXBuildFile section */
		01FBF11CB8802B2E11882178 /* GearModels.swift in Sources */ = {isa = PBXBuildFile; fileRef = 68362579BCA6AA9DB6DC88EE /* GearModels.swift */; };
		076565ECFC5D40E2EDE1D5E1 /* Models.swift in Sources */ = {isa = PBXBuildFile; fileRef = FC7CF99A3E687EB8A86C623F /* Models.swift */; };
		079E74A9F84E8B1B2C9406BD /* ShareCard.swift in Sources */ = {isa = PBXBuildFile; fileRef = 43B84DB1AF26B28199D3B9F9 /* ShareCard.swift */; };
		09769653678BBE3A0E31E1CB /* PickleballAIApp.swift in Sources */ = {isa = PBXBuildFile; fileRef = 81B8CE679ACD5A6F4E5DCB13 /* PickleballAIApp.swift */; };
		0C149EF49C81B28648ED3BA8 /* Supabase.example.plist in Resources */ = {isa = PBXBuildFile; fileRef = DD24443783672F30DD360A7A /* Supabase.example.plist */; };
		13E2AFEB96A070D6E439D80C /* SessionModels.swift in Sources */ = {isa = PBXBuildFile; fileRef = AF61E92F5637DA5570EACB1F /* SessionModels.swift */; };
		16DD6B39109593928B5583A3 /* ContactsImporter.swift in Sources */ = {isa = PBXBuildFile; fileRef = 14EC4FAB3BC7409E94B9F0E1 /* ContactsImporter.swift */; };
		182BCA3925FD2E77C836B44D /* NotificationModels.swift in Sources */ = {isa = PBXBuildFile; fileRef = 0385A0D1A212395E5B9D2720 /* NotificationModels.swift */; };
		1DE50B08C3685F46E9394C4E /* CommentModels.swift in Sources */ = {isa = PBXBuildFile; fileRef = 2B4FA8570E3F58A7BED6E97F /* CommentModels.swift */; };
		2C8385E386ACCE3A125AEADA /* LegalDocuments.swift in Sources */ = {isa = PBXBuildFile; fileRef = 32CF1AA306E5F578AA3022F7 /* LegalDocuments.swift */; };
		337E8774FB64CFE5D6978913 /* OnboardingPreview.swift in Sources */ = {isa = PBXBuildFile; fileRef = 4D28EC049E2380767AA0A2B6 /* OnboardingPreview.swift */; };
		33C8ACB4E3D0F1DAE5FC4EEF /* CommentsView.swift in Sources */ = {isa = PBXBuildFile; fileRef = 4F6C03EC3ED4D2A8C098B84F /* CommentsView.swift */; };
		376C9B601A4FC26F598DE83D /* AppStore+MediaHelpers.swift in Sources */ = {isa = PBXBuildFile; fileRef = F6BDD0A44254DC8637A543CE /* AppStore+MediaHelpers.swift */; };
		391FAF94DA78C7840C956A01 /* SettingsView.swift in Sources */ = {isa = PBXBuildFile; fileRef = 6358D9903D36AD9E9F526C34 /* SettingsView.swift */; };
		3D6C3B86141C26738F80B2A1 /* LeaderboardView.swift in Sources */ = {isa = PBXBuildFile; fileRef = 2BCD8F33D0E442DCBB8E637F /* LeaderboardView.swift */; };
		3E53197B3ACF8315533AA7C2 /* AppStore+Reposts.swift in Sources */ = {isa = PBXBuildFile; fileRef = 19CC43FBB53DAF94FA9E78D3 /* AppStore+Reposts.swift */; };
		4021BD23A165270D556A2FA3 /* ActiveSessionView.swift in Sources */ = {isa = PBXBuildFile; fileRef = 12CAF21561DAF374E9A5348A /* ActiveSessionView.swift */; };
		449EC4A27D19CBFFFABCB4CC /* ProfileModels.swift in Sources */ = {isa = PBXBuildFile; fileRef = 475451E24481504893FFE7ED /* ProfileModels.swift */; };
		454F25CB28B5C41A3538D5E2 /* LogView.swift in Sources */ = {isa = PBXBuildFile; fileRef = B3FA4363BCD03C413DB5D6C4 /* LogView.swift */; };
		47D67C0BEA142E3C53143B14 /* AppStore+Notifications.swift in Sources */ = {isa = PBXBuildFile; fileRef = 417ED5579B58CC67197FFB16 /* AppStore+Notifications.swift */; };
		496643F409765F3DCE496F80 /* WorkoutCalendarCard.swift in Sources */ = {isa = PBXBuildFile; fileRef = 323771872266981FD4A95C19 /* WorkoutCalendarCard.swift */; };
		4A8C0B26C66CA2BCA86EFF37 /* SettingsSubscreens.swift in Sources */ = {isa = PBXBuildFile; fileRef = 612A1DDA53F21DD025421CC8 /* SettingsSubscreens.swift */; };
		4BA0FAC781BDC3A8DB6C1A00 /* GearSheets.swift in Sources */ = {isa = PBXBuildFile; fileRef = D169CF8E4C9FDD09C74432A3 /* GearSheets.swift */; };
		4CD5BF0B95A969D397E3038D /* PickleballAIWidget.swift in Sources */ = {isa = PBXBuildFile; fileRef = 2EE4100E53AC518E09293CA1 /* PickleballAIWidget.swift */; };
		5871B4D2606B7AC392C95451 /* OtherProfileView.swift in Sources */ = {isa = PBXBuildFile; fileRef = 72609C0E290C1E3683A88921 /* OtherProfileView.swift */; };
		5E9F8ED09A2B926B38FFE0C8 /* LiveActivityManager.swift in Sources */ = {isa = PBXBuildFile; fileRef = DC1B8FB7392D5C5FC8C4D640 /* LiveActivityManager.swift */; };
		63CF72EC30CBFEC89BF39639 /* LiveActivityAttributes.swift in Sources */ = {isa = PBXBuildFile; fileRef = 1DF3D5A5AC51AF989571223E /* LiveActivityAttributes.swift */; };
		6431A39E667DF61B6E39C123 /* MediaHydrator.swift in Sources */ = {isa = PBXBuildFile; fileRef = A1ADA23D176823BB8CF93823 /* MediaHydrator.swift */; };
		664317151FD26AFB65FCFB64 /* DesignSystem.swift in Sources */ = {isa = PBXBuildFile; fileRef = 2C2F55C19C493784AFEFC588 /* DesignSystem.swift */; };
		67003847FAE65E98968EFA9E /* RealtimeSubscription.swift in Sources */ = {isa = PBXBuildFile; fileRef = 8D1FBA77BA526A6415502267 /* RealtimeSubscription.swift */; };
		6903C7CFAC2D15228D2A4C59 /* SessionStats.swift in Sources */ = {isa = PBXBuildFile; fileRef = D4ABDD948BF6204089C4CACF /* SessionStats.swift */; };
		6F04A161F647C03393B4DBB5 /* SettingsProfileView.swift in Sources */ = {isa = PBXBuildFile; fileRef = E83E0F9E6B1DDFCE179DD351 /* SettingsProfileView.swift */; };
		713CDC37F05C373C2A4C9DFB /* DraftModels.swift in Sources */ = {isa = PBXBuildFile; fileRef = 2C792A7AC8B56AE02E63F640 /* DraftModels.swift */; };
		73DE9030ECD0D2F03C110221 /* SafetyModels.swift in Sources */ = {isa = PBXBuildFile; fileRef = DBC7525B8F6249F516308D94 /* SafetyModels.swift */; };
		7BE71A2B865DA409C8734967 /* AppStore+Safety.swift in Sources */ = {isa = PBXBuildFile; fileRef = 5D9CC3B49A2B1A43B0002C5D /* AppStore+Safety.swift */; };
		80E343E6CCC9B13005C13F64 /* Supabase in Frameworks */ = {isa = PBXBuildFile; productRef = 54014EB97F18D699B5E8FE5C /* Supabase */; };
		82D712BA16C2330A23E44710 /* SupabaseService.swift in Sources */ = {isa = PBXBuildFile; fileRef = 812326B10CE11A6D68558757 /* SupabaseService.swift */; };
		864554706E770DC971174E0E /* FeedCard.swift in Sources */ = {isa = PBXBuildFile; fileRef = 44D81CAB89B41706FD9E8701 /* FeedCard.swift */; };
		87D01228FF06C0D2738B7AD4 /* AppStore+Profile.swift in Sources */ = {isa = PBXBuildFile; fileRef = E4AD24F0F56C50EAF397CF74 /* AppStore+Profile.swift */; };
		89FF47F0442F182F044AEB75 /* RootView.swift in Sources */ = {isa = PBXBuildFile; fileRef = A26F3CB239971947B6371E26 /* RootView.swift */; };
		8C3EFF8CB712B5C7D9670B4B /* AppStore+Comments.swift in Sources */ = {isa = PBXBuildFile; fileRef = 6B79D9A1A8FC0E949BBF88D6 /* AppStore+Comments.swift */; };
		9068203395D5B18A6507DF1D /* NotificationsView.swift in Sources */ = {isa = PBXBuildFile; fileRef = D1DA9EA8FD022D18FABEBD5A /* NotificationsView.swift */; };
		91C1312E7498D846C328A74E /* PushService.swift in Sources */ = {isa = PBXBuildFile; fileRef = C49D15DAFAF823EF6B673ADE /* PushService.swift */; };
		95C8A46DA87219F98DD0A143 /* AuthView.swift in Sources */ = {isa = PBXBuildFile; fileRef = 38D466C6F8E7D2FD8E302914 /* AuthView.swift */; };
		987C065BEC871C430815F0D5 /* FeedView.swift in Sources */ = {isa = PBXBuildFile; fileRef = 92AD1866882A183DAB69974D /* FeedView.swift */; };
		A7AB3CB17285CB9C76938F9B /* SessionEditors.swift in Sources */ = {isa = PBXBuildFile; fileRef = 5F3DE89404F54F718B1D071B /* SessionEditors.swift */; };
		A87ED053E1361D2193395A82 /* PickleballAIWidget.appex in Embed Foundation Extensions */ = {isa = PBXBuildFile; fileRef = 5BC068B87E22A474B35B0E61 /* PickleballAIWidget.appex */; settings = {ATTRIBUTES = (RemoveHeadersOnCopy, ); }; };
		B11B01B9A357B172C22B077E /* LocationPicker.swift in Sources */ = {isa = PBXBuildFile; fileRef = C60A7FE208AB50A6DC053231 /* LocationPicker.swift */; };
		B1259F60FD1CDB256B4E430A /* SafetySheets.swift in Sources */ = {isa = PBXBuildFile; fileRef = 52D13E9ABB0B1772747DBB02 /* SafetySheets.swift */; };
		B582D55DDDCD4C2E47573059 /* SocialModels.swift in Sources */ = {isa = PBXBuildFile; fileRef = 812D44B60A7EA37D8E8F26CA /* SocialModels.swift */; };
		B7840EC1684B9C2ECA85EAD7 /* AuthComponents.swift in Sources */ = {isa = PBXBuildFile; fileRef = 524C92C8AF8A9C6D3ADE7AC4 /* AuthComponents.swift */; };
		BACB683507C15BE288E50D3C /* FollowListView.swift in Sources */ = {isa = PBXBuildFile; fileRef = 7854EB879EEA122DFA7E5FE1 /* FollowListView.swift */; };
		BBB0B68BD14F2D4AAD57073A /* AppStore+Sessions.swift in Sources */ = {isa = PBXBuildFile; fileRef = EFC6DF5FC7D2408F3EF6DC31 /* AppStore+Sessions.swift */; };
		BC1C0D7301EDFE01BCAB6B78 /* SocialRequestRows.swift in Sources */ = {isa = PBXBuildFile; fileRef = 0482FE19F7FE0F2A6DD0872C /* SocialRequestRows.swift */; };
		BE4F20EBC36E0717FC98E442 /* InviteModels.swift in Sources */ = {isa = PBXBuildFile; fileRef = 214162C6EFF74362BE3772CD /* InviteModels.swift */; };
		BE92CB4729FBB03CD0B01DB2 /* AppStore+Auth.swift in Sources */ = {isa = PBXBuildFile; fileRef = 28C2EBB810FDA81F4A0B4C04 /* AppStore+Auth.swift */; };
		C3DE8268C0AC0320C03A7380 /* AppStore+Realtime.swift in Sources */ = {isa = PBXBuildFile; fileRef = C42C76AB4A636C3E1CF856C1 /* AppStore+Realtime.swift */; };
		C470D17C473DC9B0C2DAF579 /* RivalsFeature.swift in Sources */ = {isa = PBXBuildFile; fileRef = B10025ED05CD5F456B2D1934 /* RivalsFeature.swift */; };
		C4D639B6FB92C30CB2822077 /* AppStore.swift in Sources */ = {isa = PBXBuildFile; fileRef = 5D656AFC1851F5D01BC4BB70 /* AppStore.swift */; };
		C5338F649A3DC6D11AE71F0B /* ProfileView.swift in Sources */ = {isa = PBXBuildFile; fileRef = 528729889F780FEF8B81D160 /* ProfileView.swift */; };
		CE7E5F4369D9181C9C659C80 /* StatsSheet.swift in Sources */ = {isa = PBXBuildFile; fileRef = CF895DB874A0AA5FBE3CB948 /* StatsSheet.swift */; };
		CF090BAFE2AE992E3217EBCF /* AppStore+Gear.swift in Sources */ = {isa = PBXBuildFile; fileRef = 99DE6EB174F4713D18400199 /* AppStore+Gear.swift */; };
		D60B10153096A64D929AE1AC /* Assets.xcassets in Resources */ = {isa = PBXBuildFile; fileRef = C8FB91BA2DDF8C003EC30E00 /* Assets.xcassets */; };
		D7F2EE361D4137FD7E546EB4 /* InviteView.swift in Sources */ = {isa = PBXBuildFile; fileRef = E9848E60F27125A620DA0B90 /* InviteView.swift */; };
		DE6F84AD2314939D4E8C317C /* Haptics.swift in Sources */ = {isa = PBXBuildFile; fileRef = 65F9240942A799CF19EF40AC /* Haptics.swift */; };
		E31424AEC6D64816D7DFF5ED /* AppStore+FollowGraph.swift in Sources */ = {isa = PBXBuildFile; fileRef = F4660717F1902F691074520D /* AppStore+FollowGraph.swift */; };
		E610A0298FD18084A62FDD82 /* EdgeFunctionModels.swift in Sources */ = {isa = PBXBuildFile; fileRef = 594C30F607DCAA2E5D2E6245 /* EdgeFunctionModels.swift */; };
		E95EB337AB3BC80E320E2F32 /* AppStore+Invites.swift in Sources */ = {isa = PBXBuildFile; fileRef = 501DC922351647C18A6F314D /* AppStore+Invites.swift */; };
		F2618610586DB9C3345C94C8 /* Celebration.swift in Sources */ = {isa = PBXBuildFile; fileRef = F30A6ECDA3C89862D17F1C81 /* Celebration.swift */; };
		F9D4FE283820E25A05692966 /* Supabase.plist in Resources */ = {isa = PBXBuildFile; fileRef = 110EB1A0604D9D68DD50D886 /* Supabase.plist */; };
		FAAE8C4DF4AA21A371F4F0DF /* AppStore+Feed.swift in Sources */ = {isa = PBXBuildFile; fileRef = E027CA4D49372EC880E7A7BA /* AppStore+Feed.swift */; };
		FCD1B8ABB0023F6FEE39758F /* FriendCandidateRow.swift in Sources */ = {isa = PBXBuildFile; fileRef = 7EB07F47E8E45FB47F54F244 /* FriendCandidateRow.swift */; };
		FD52FEB282F1D784FD37A351 /* LiveActivityAttributes.swift in Sources */ = {isa = PBXBuildFile; fileRef = 1DF3D5A5AC51AF989571223E /* LiveActivityAttributes.swift */; };
		FEF913231ECBFFED572681C2 /* MeasuresSheet.swift in Sources */ = {isa = PBXBuildFile; fileRef = 2C9C301338EB6273D0AF46DC /* MeasuresSheet.swift */; };
/* End PBXBuildFile section */

/* Begin PBXContainerItemProxy section */
		618AE303BA1AC3F3256B9909 /* PBXContainerItemProxy */ = {
			isa = PBXContainerItemProxy;
			containerPortal = FB8FB6D41A0B6CE682CE30D0 /* Project object */;
			proxyType = 1;
			remoteGlobalIDString = EB2CCADB659EA66D1ADE192A;
			remoteInfo = PickleballAIWidget;
		};
/* End PBXContainerItemProxy section */

/* Begin PBXCopyFilesBuildPhase section */
		926D0FED553244B7689481C3 /* Embed Foundation Extensions */ = {
			isa = PBXCopyFilesBuildPhase;
			buildActionMask = 2147483647;
			dstPath = "";
			dstSubfolderSpec = 13;
			files = (
				A87ED053E1361D2193395A82 /* PickleballAIWidget.appex in Embed Foundation Extensions */,
			);
			name = "Embed Foundation Extensions";
			runOnlyForDeploymentPostprocessing = 0;
		};
/* End PBXCopyFilesBuildPhase section */

/* Begin PBXFileReference section */
		0385A0D1A212395E5B9D2720 /* NotificationModels.swift */ = {isa = PBXFileReference; lastKnownFileType = sourcecode.swift; path = NotificationModels.swift; sourceTree = "<group>"; };
		0482FE19F7FE0F2A6DD0872C /* SocialRequestRows.swift */ = {isa = PBXFileReference; lastKnownFileType = sourcecode.swift; path = SocialRequestRows.swift; sourceTree = "<group>"; };
		110EB1A0604D9D68DD50D886 /* Supabase.plist */ = {isa = PBXFileReference; lastKnownFileType = text.plist; path = Supabase.plist; sourceTree = "<group>"; };
		12CAF21561DAF374E9A5348A /* ActiveSessionView.swift */ = {isa = PBXFileReference; lastKnownFileType = sourcecode.swift; path = ActiveSessionView.swift; sourceTree = "<group>"; };
		14EC4FAB3BC7409E94B9F0E1 /* ContactsImporter.swift */ = {isa = PBXFileReference; lastKnownFileType = sourcecode.swift; path = ContactsImporter.swift; sourceTree = "<group>"; };
		19CC43FBB53DAF94FA9E78D3 /* AppStore+Reposts.swift */ = {isa = PBXFileReference; lastKnownFileType = sourcecode.swift; path = "AppStore+Reposts.swift"; sourceTree = "<group>"; };
		1DF3D5A5AC51AF989571223E /* LiveActivityAttributes.swift */ = {isa = PBXFileReference; lastKnownFileType = sourcecode.swift; path = LiveActivityAttributes.swift; sourceTree = "<group>"; };
		212C7D515516C3E07230F457 /* PickleballAI.entitlements */ = {isa = PBXFileReference; lastKnownFileType = text.plist.entitlements; path = PickleballAI.entitlements; sourceTree = "<group>"; };
		214162C6EFF74362BE3772CD /* InviteModels.swift */ = {isa = PBXFileReference; lastKnownFileType = sourcecode.swift; path = InviteModels.swift; sourceTree = "<group>"; };
		28C2EBB810FDA81F4A0B4C04 /* AppStore+Auth.swift */ = {isa = PBXFileReference; lastKnownFileType = sourcecode.swift; path = "AppStore+Auth.swift"; sourceTree = "<group>"; };
		2B4FA8570E3F58A7BED6E97F /* CommentModels.swift */ = {isa = PBXFileReference; lastKnownFileType = sourcecode.swift; path = CommentModels.swift; sourceTree = "<group>"; };
		2BCD8F33D0E442DCBB8E637F /* LeaderboardView.swift */ = {isa = PBXFileReference; lastKnownFileType = sourcecode.swift; path = LeaderboardView.swift; sourceTree = "<group>"; };
		2C2F55C19C493784AFEFC588 /* DesignSystem.swift */ = {isa = PBXFileReference; lastKnownFileType = sourcecode.swift; path = DesignSystem.swift; sourceTree = "<group>"; };
		2C792A7AC8B56AE02E63F640 /* DraftModels.swift */ = {isa = PBXFileReference; lastKnownFileType = sourcecode.swift; path = DraftModels.swift; sourceTree = "<group>"; };
		2C9C301338EB6273D0AF46DC /* MeasuresSheet.swift */ = {isa = PBXFileReference; lastKnownFileType = sourcecode.swift; path = MeasuresSheet.swift; sourceTree = "<group>"; };
		2EE4100E53AC518E09293CA1 /* PickleballAIWidget.swift */ = {isa = PBXFileReference; lastKnownFileType = sourcecode.swift; path = PickleballAIWidget.swift; sourceTree = "<group>"; };
		323771872266981FD4A95C19 /* WorkoutCalendarCard.swift */ = {isa = PBXFileReference; lastKnownFileType = sourcecode.swift; path = WorkoutCalendarCard.swift; sourceTree = "<group>"; };
		32CF1AA306E5F578AA3022F7 /* LegalDocuments.swift */ = {isa = PBXFileReference; lastKnownFileType = sourcecode.swift; path = LegalDocuments.swift; sourceTree = "<group>"; };
		38D466C6F8E7D2FD8E302914 /* AuthView.swift */ = {isa = PBXFileReference; lastKnownFileType = sourcecode.swift; path = AuthView.swift; sourceTree = "<group>"; };
		417ED5579B58CC67197FFB16 /* AppStore+Notifications.swift */ = {isa = PBXFileReference; lastKnownFileType = sourcecode.swift; path = "AppStore+Notifications.swift"; sourceTree = "<group>"; };
		43B84DB1AF26B28199D3B9F9 /* ShareCard.swift */ = {isa = PBXFileReference; lastKnownFileType = sourcecode.swift; path = ShareCard.swift; sourceTree = "<group>"; };
		44D81CAB89B41706FD9E8701 /* FeedCard.swift */ = {isa = PBXFileReference; lastKnownFileType = sourcecode.swift; path = FeedCard.swift; sourceTree = "<group>"; };
		475451E24481504893FFE7ED /* ProfileModels.swift */ = {isa = PBXFileReference; lastKnownFileType = sourcecode.swift; path = ProfileModels.swift; sourceTree = "<group>"; };
		4D28EC049E2380767AA0A2B6 /* OnboardingPreview.swift */ = {isa = PBXFileReference; lastKnownFileType = sourcecode.swift; path = OnboardingPreview.swift; sourceTree = "<group>"; };
		4F6C03EC3ED4D2A8C098B84F /* CommentsView.swift */ = {isa = PBXFileReference; lastKnownFileType = sourcecode.swift; path = CommentsView.swift; sourceTree = "<group>"; };
		501DC922351647C18A6F314D /* AppStore+Invites.swift */ = {isa = PBXFileReference; lastKnownFileType = sourcecode.swift; path = "AppStore+Invites.swift"; sourceTree = "<group>"; };
		524C92C8AF8A9C6D3ADE7AC4 /* AuthComponents.swift */ = {isa = PBXFileReference; lastKnownFileType = sourcecode.swift; path = AuthComponents.swift; sourceTree = "<group>"; };
		528729889F780FEF8B81D160 /* ProfileView.swift */ = {isa = PBXFileReference; lastKnownFileType = sourcecode.swift; path = ProfileView.swift; sourceTree = "<group>"; };
		52D13E9ABB0B1772747DBB02 /* SafetySheets.swift */ = {isa = PBXFileReference; lastKnownFileType = sourcecode.swift; path = SafetySheets.swift; sourceTree = "<group>"; };
		594C30F607DCAA2E5D2E6245 /* EdgeFunctionModels.swift */ = {isa = PBXFileReference; lastKnownFileType = sourcecode.swift; path = EdgeFunctionModels.swift; sourceTree = "<group>"; };
		5BC068B87E22A474B35B0E61 /* PickleballAIWidget.appex */ = {isa = PBXFileReference; includeInIndex = 0; lastKnownFileType = "wrapper.app-extension"; path = PickleballAIWidget.appex; sourceTree = BUILT_PRODUCTS_DIR; };
		5D656AFC1851F5D01BC4BB70 /* AppStore.swift */ = {isa = PBXFileReference; lastKnownFileType = sourcecode.swift; path = AppStore.swift; sourceTree = "<group>"; };
		5D9CC3B49A2B1A43B0002C5D /* AppStore+Safety.swift */ = {isa = PBXFileReference; lastKnownFileType = sourcecode.swift; path = "AppStore+Safety.swift"; sourceTree = "<group>"; };
		5F3DE89404F54F718B1D071B /* SessionEditors.swift */ = {isa = PBXFileReference; lastKnownFileType = sourcecode.swift; path = SessionEditors.swift; sourceTree = "<group>"; };
		612A1DDA53F21DD025421CC8 /* SettingsSubscreens.swift */ = {isa = PBXFileReference; lastKnownFileType = sourcecode.swift; path = SettingsSubscreens.swift; sourceTree = "<group>"; };
		6358D9903D36AD9E9F526C34 /* SettingsView.swift */ = {isa = PBXFileReference; lastKnownFileType = sourcecode.swift; path = SettingsView.swift; sourceTree = "<group>"; };
		65F9240942A799CF19EF40AC /* Haptics.swift */ = {isa = PBXFileReference; lastKnownFileType = sourcecode.swift; path = Haptics.swift; sourceTree = "<group>"; };
		68362579BCA6AA9DB6DC88EE /* GearModels.swift */ = {isa = PBXFileReference; lastKnownFileType = sourcecode.swift; path = GearModels.swift; sourceTree = "<group>"; };
		6B79D9A1A8FC0E949BBF88D6 /* AppStore+Comments.swift */ = {isa = PBXFileReference; lastKnownFileType = sourcecode.swift; path = "AppStore+Comments.swift"; sourceTree = "<group>"; };
		6BAF5E29E3E19941F0F544FB /* PickleballAI.app */ = {isa = PBXFileReference; includeInIndex = 0; lastKnownFileType = wrapper.application; path = PickleballAI.app; sourceTree = BUILT_PRODUCTS_DIR; };
		6BF6725B8FBFB5A75FCF41BB /* Info.plist */ = {isa = PBXFileReference; lastKnownFileType = text.plist; path = Info.plist; sourceTree = "<group>"; };
		72609C0E290C1E3683A88921 /* OtherProfileView.swift */ = {isa = PBXFileReference; lastKnownFileType = sourcecode.swift; path = OtherProfileView.swift; sourceTree = "<group>"; };
		7854EB879EEA122DFA7E5FE1 /* FollowListView.swift */ = {isa = PBXFileReference; lastKnownFileType = sourcecode.swift; path = FollowListView.swift; sourceTree = "<group>"; };
		7EB07F47E8E45FB47F54F244 /* FriendCandidateRow.swift */ = {isa = PBXFileReference; lastKnownFileType = sourcecode.swift; path = FriendCandidateRow.swift; sourceTree = "<group>"; };
		812326B10CE11A6D68558757 /* SupabaseService.swift */ = {isa = PBXFileReference; lastKnownFileType = sourcecode.swift; path = SupabaseService.swift; sourceTree = "<group>"; };
		812D44B60A7EA37D8E8F26CA /* SocialModels.swift */ = {isa = PBXFileReference; lastKnownFileType = sourcecode.swift; path = SocialModels.swift; sourceTree = "<group>"; };
		81B8CE679ACD5A6F4E5DCB13 /* PickleballAIApp.swift */ = {isa = PBXFileReference; lastKnownFileType = sourcecode.swift; path = PickleballAIApp.swift; sourceTree = "<group>"; };
		8D1FBA77BA526A6415502267 /* RealtimeSubscription.swift */ = {isa = PBXFileReference; lastKnownFileType = sourcecode.swift; path = RealtimeSubscription.swift; sourceTree = "<group>"; };
		92AD1866882A183DAB69974D /* FeedView.swift */ = {isa = PBXFileReference; lastKnownFileType = sourcecode.swift; path = FeedView.swift; sourceTree = "<group>"; };
		99DE6EB174F4713D18400199 /* AppStore+Gear.swift */ = {isa = PBXFileReference; lastKnownFileType = sourcecode.swift; path = "AppStore+Gear.swift"; sourceTree = "<group>"; };
		A1ADA23D176823BB8CF93823 /* MediaHydrator.swift */ = {isa = PBXFileReference; lastKnownFileType = sourcecode.swift; path = MediaHydrator.swift; sourceTree = "<group>"; };
		A26F3CB239971947B6371E26 /* RootView.swift */ = {isa = PBXFileReference; lastKnownFileType = sourcecode.swift; path = RootView.swift; sourceTree = "<group>"; };
		AF61E92F5637DA5570EACB1F /* SessionModels.swift */ = {isa = PBXFileReference; lastKnownFileType = sourcecode.swift; path = SessionModels.swift; sourceTree = "<group>"; };
		B10025ED05CD5F456B2D1934 /* RivalsFeature.swift */ = {isa = PBXFileReference; lastKnownFileType = sourcecode.swift; path = RivalsFeature.swift; sourceTree = "<group>"; };
		B3FA4363BCD03C413DB5D6C4 /* LogView.swift */ = {isa = PBXFileReference; lastKnownFileType = sourcecode.swift; path = LogView.swift; sourceTree = "<group>"; };
		C42C76AB4A636C3E1CF856C1 /* AppStore+Realtime.swift */ = {isa = PBXFileReference; lastKnownFileType = sourcecode.swift; path = "AppStore+Realtime.swift"; sourceTree = "<group>"; };
		C49D15DAFAF823EF6B673ADE /* PushService.swift */ = {isa = PBXFileReference; lastKnownFileType = sourcecode.swift; path = PushService.swift; sourceTree = "<group>"; };
		C60A7FE208AB50A6DC053231 /* LocationPicker.swift */ = {isa = PBXFileReference; lastKnownFileType = sourcecode.swift; path = LocationPicker.swift; sourceTree = "<group>"; };
		C8FB91BA2DDF8C003EC30E00 /* Assets.xcassets */ = {isa = PBXFileReference; lastKnownFileType = folder.assetcatalog; path = Assets.xcassets; sourceTree = "<group>"; };
		CF895DB874A0AA5FBE3CB948 /* StatsSheet.swift */ = {isa = PBXFileReference; lastKnownFileType = sourcecode.swift; path = StatsSheet.swift; sourceTree = "<group>"; };
		D169CF8E4C9FDD09C74432A3 /* GearSheets.swift */ = {isa = PBXFileReference; lastKnownFileType = sourcecode.swift; path = GearSheets.swift; sourceTree = "<group>"; };
		D1DA9EA8FD022D18FABEBD5A /* NotificationsView.swift */ = {isa = PBXFileReference; lastKnownFileType = sourcecode.swift; path = NotificationsView.swift; sourceTree = "<group>"; };
		D4ABDD948BF6204089C4CACF /* SessionStats.swift */ = {isa = PBXFileReference; lastKnownFileType = sourcecode.swift; path = SessionStats.swift; sourceTree = "<group>"; };
		DBC7525B8F6249F516308D94 /* SafetyModels.swift */ = {isa = PBXFileReference; lastKnownFileType = sourcecode.swift; path = SafetyModels.swift; sourceTree = "<group>"; };
		DC1B8FB7392D5C5FC8C4D640 /* LiveActivityManager.swift */ = {isa = PBXFileReference; lastKnownFileType = sourcecode.swift; path = LiveActivityManager.swift; sourceTree = "<group>"; };
		DD24443783672F30DD360A7A /* Supabase.example.plist */ = {isa = PBXFileReference; lastKnownFileType = text.plist; path = Supabase.example.plist; sourceTree = "<group>"; };
		E027CA4D49372EC880E7A7BA /* AppStore+Feed.swift */ = {isa = PBXFileReference; lastKnownFileType = sourcecode.swift; path = "AppStore+Feed.swift"; sourceTree = "<group>"; };
		E4AD24F0F56C50EAF397CF74 /* AppStore+Profile.swift */ = {isa = PBXFileReference; lastKnownFileType = sourcecode.swift; path = "AppStore+Profile.swift"; sourceTree = "<group>"; };
		E83E0F9E6B1DDFCE179DD351 /* SettingsProfileView.swift */ = {isa = PBXFileReference; lastKnownFileType = sourcecode.swift; path = SettingsProfileView.swift; sourceTree = "<group>"; };
		E9848E60F27125A620DA0B90 /* InviteView.swift */ = {isa = PBXFileReference; lastKnownFileType = sourcecode.swift; path = InviteView.swift; sourceTree = "<group>"; };
		EAB915786701A168499210BF /* Info.plist */ = {isa = PBXFileReference; lastKnownFileType = text.plist; path = Info.plist; sourceTree = "<group>"; };
		EFC6DF5FC7D2408F3EF6DC31 /* AppStore+Sessions.swift */ = {isa = PBXFileReference; lastKnownFileType = sourcecode.swift; path = "AppStore+Sessions.swift"; sourceTree = "<group>"; };
		F30A6ECDA3C89862D17F1C81 /* Celebration.swift */ = {isa = PBXFileReference; lastKnownFileType = sourcecode.swift; path = Celebration.swift; sourceTree = "<group>"; };
		F4660717F1902F691074520D /* AppStore+FollowGraph.swift */ = {isa = PBXFileReference; lastKnownFileType = sourcecode.swift; path = "AppStore+FollowGraph.swift"; sourceTree = "<group>"; };
		F6BDD0A44254DC8637A543CE /* AppStore+MediaHelpers.swift */ = {isa = PBXFileReference; lastKnownFileType = sourcecode.swift; path = "AppStore+MediaHelpers.swift"; sourceTree = "<group>"; };
		FC7CF99A3E687EB8A86C623F /* Models.swift */ = {isa = PBXFileReference; lastKnownFileType = sourcecode.swift; path = Models.swift; sourceTree = "<group>"; };
/* End PBXFileReference section */

/* Begin PBXFrameworksBuildPhase section */
		093F2A4AB07067E7B39F6177 /* Frameworks */ = {
			isa = PBXFrameworksBuildPhase;
			buildActionMask = 2147483647;
			files = (
				80E343E6CCC9B13005C13F64 /* Supabase in Frameworks */,
			);
			runOnlyForDeploymentPostprocessing = 0;
		};
/* End PBXFrameworksBuildPhase section */

/* Begin PBXGroup section */
		1594D0D1F2011A6C13A02105 = {
			isa = PBXGroup;
			children = (
				B6E970CBD13B44D059257F04 /* PickleballAI */,
				25038B16655CE5BB0B77D87E /* PickleballAIWidget */,
				E0D3ED6F956F4A18CE3AE724 /* Products */,
			);
			sourceTree = "<group>";
		};
		25038B16655CE5BB0B77D87E /* PickleballAIWidget */ = {
			isa = PBXGroup;
			children = (
				EAB915786701A168499210BF /* Info.plist */,
				2EE4100E53AC518E09293CA1 /* PickleballAIWidget.swift */,
			);
			path = PickleballAIWidget;
			sourceTree = "<group>";
		};
		B6E970CBD13B44D059257F04 /* PickleballAI */ = {
			isa = PBXGroup;
			children = (
				12CAF21561DAF374E9A5348A /* ActiveSessionView.swift */,
				5D656AFC1851F5D01BC4BB70 /* AppStore.swift */,
				28C2EBB810FDA81F4A0B4C04 /* AppStore+Auth.swift */,
				6B79D9A1A8FC0E949BBF88D6 /* AppStore+Comments.swift */,
				E027CA4D49372EC880E7A7BA /* AppStore+Feed.swift */,
				F4660717F1902F691074520D /* AppStore+FollowGraph.swift */,
				99DE6EB174F4713D18400199 /* AppStore+Gear.swift */,
				501DC922351647C18A6F314D /* AppStore+Invites.swift */,
				F6BDD0A44254DC8637A543CE /* AppStore+MediaHelpers.swift */,
				417ED5579B58CC67197FFB16 /* AppStore+Notifications.swift */,
				E4AD24F0F56C50EAF397CF74 /* AppStore+Profile.swift */,
				C42C76AB4A636C3E1CF856C1 /* AppStore+Realtime.swift */,
				19CC43FBB53DAF94FA9E78D3 /* AppStore+Reposts.swift */,
				5D9CC3B49A2B1A43B0002C5D /* AppStore+Safety.swift */,
				EFC6DF5FC7D2408F3EF6DC31 /* AppStore+Sessions.swift */,
				C8FB91BA2DDF8C003EC30E00 /* Assets.xcassets */,
				524C92C8AF8A9C6D3ADE7AC4 /* AuthComponents.swift */,
				38D466C6F8E7D2FD8E302914 /* AuthView.swift */,
				F30A6ECDA3C89862D17F1C81 /* Celebration.swift */,
				2B4FA8570E3F58A7BED6E97F /* CommentModels.swift */,
				4F6C03EC3ED4D2A8C098B84F /* CommentsView.swift */,
				14EC4FAB3BC7409E94B9F0E1 /* ContactsImporter.swift */,
				2C2F55C19C493784AFEFC588 /* DesignSystem.swift */,
				2C792A7AC8B56AE02E63F640 /* DraftModels.swift */,
				594C30F607DCAA2E5D2E6245 /* EdgeFunctionModels.swift */,
				44D81CAB89B41706FD9E8701 /* FeedCard.swift */,
				92AD1866882A183DAB69974D /* FeedView.swift */,
				7854EB879EEA122DFA7E5FE1 /* FollowListView.swift */,
				7EB07F47E8E45FB47F54F244 /* FriendCandidateRow.swift */,
				68362579BCA6AA9DB6DC88EE /* GearModels.swift */,
				D169CF8E4C9FDD09C74432A3 /* GearSheets.swift */,
				65F9240942A799CF19EF40AC /* Haptics.swift */,
				6BF6725B8FBFB5A75FCF41BB /* Info.plist */,
				214162C6EFF74362BE3772CD /* InviteModels.swift */,
				E9848E60F27125A620DA0B90 /* InviteView.swift */,
				2BCD8F33D0E442DCBB8E637F /* LeaderboardView.swift */,
				32CF1AA306E5F578AA3022F7 /* LegalDocuments.swift */,
				1DF3D5A5AC51AF989571223E /* LiveActivityAttributes.swift */,
				DC1B8FB7392D5C5FC8C4D640 /* LiveActivityManager.swift */,
				C60A7FE208AB50A6DC053231 /* LocationPicker.swift */,
				B3FA4363BCD03C413DB5D6C4 /* LogView.swift */,
				2C9C301338EB6273D0AF46DC /* MeasuresSheet.swift */,
				A1ADA23D176823BB8CF93823 /* MediaHydrator.swift */,
				FC7CF99A3E687EB8A86C623F /* Models.swift */,
				0385A0D1A212395E5B9D2720 /* NotificationModels.swift */,
				D1DA9EA8FD022D18FABEBD5A /* NotificationsView.swift */,
				4D28EC049E2380767AA0A2B6 /* OnboardingPreview.swift */,
				72609C0E290C1E3683A88921 /* OtherProfileView.swift */,
				212C7D515516C3E07230F457 /* PickleballAI.entitlements */,
				81B8CE679ACD5A6F4E5DCB13 /* PickleballAIApp.swift */,
				475451E24481504893FFE7ED /* ProfileModels.swift */,
				528729889F780FEF8B81D160 /* ProfileView.swift */,
				C49D15DAFAF823EF6B673ADE /* PushService.swift */,
				8D1FBA77BA526A6415502267 /* RealtimeSubscription.swift */,
				B10025ED05CD5F456B2D1934 /* RivalsFeature.swift */,
				A26F3CB239971947B6371E26 /* RootView.swift */,
				DBC7525B8F6249F516308D94 /* SafetyModels.swift */,
				52D13E9ABB0B1772747DBB02 /* SafetySheets.swift */,
				5F3DE89404F54F718B1D071B /* SessionEditors.swift */,
				AF61E92F5637DA5570EACB1F /* SessionModels.swift */,
				D4ABDD948BF6204089C4CACF /* SessionStats.swift */,
				E83E0F9E6B1DDFCE179DD351 /* SettingsProfileView.swift */,
				612A1DDA53F21DD025421CC8 /* SettingsSubscreens.swift */,
				6358D9903D36AD9E9F526C34 /* SettingsView.swift */,
				43B84DB1AF26B28199D3B9F9 /* ShareCard.swift */,
				812D44B60A7EA37D8E8F26CA /* SocialModels.swift */,
				0482FE19F7FE0F2A6DD0872C /* SocialRequestRows.swift */,
				CF895DB874A0AA5FBE3CB948 /* StatsSheet.swift */,
				DD24443783672F30DD360A7A /* Supabase.example.plist */,
				110EB1A0604D9D68DD50D886 /* Supabase.plist */,
				812326B10CE11A6D68558757 /* SupabaseService.swift */,
				323771872266981FD4A95C19 /* WorkoutCalendarCard.swift */,
			);
			path = PickleballAI;
			sourceTree = "<group>";
		};
		E0D3ED6F956F4A18CE3AE724 /* Products */ = {
			isa = PBXGroup;
			children = (
				6BAF5E29E3E19941F0F544FB /* PickleballAI.app */,
				5BC068B87E22A474B35B0E61 /* PickleballAIWidget.appex */,
			);
			name = Products;
			sourceTree = "<group>";
		};
/* End PBXGroup section */

/* Begin PBXNativeTarget section */
		88C9B1CBCD349BD12AF28E51 /* PickleballAI */ = {
			isa = PBXNativeTarget;
			buildConfigurationList = A7C4CD515EC3718A68FDBAED /* Build configuration list for PBXNativeTarget "PickleballAI" */;
			buildPhases = (
				556E04E047908FECE0552F06 /* Sources */,
				314ECEABAAD3C8C3337674C1 /* Resources */,
				093F2A4AB07067E7B39F6177 /* Frameworks */,
				926D0FED553244B7689481C3 /* Embed Foundation Extensions */,
			);
			buildRules = (
			);
			dependencies = (
				DFD7684B83CF0D47C3F359F9 /* PBXTargetDependency */,
			);
			name = PickleballAI;
			packageProductDependencies = (
				54014EB97F18D699B5E8FE5C /* Supabase */,
			);
			productName = PickleballAI;
			productReference = 6BAF5E29E3E19941F0F544FB /* PickleballAI.app */;
			productType = "com.apple.product-type.application";
		};
		EB2CCADB659EA66D1ADE192A /* PickleballAIWidget */ = {
			isa = PBXNativeTarget;
			buildConfigurationList = E3183EDA5466E707DCF72FEB /* Build configuration list for PBXNativeTarget "PickleballAIWidget" */;
			buildPhases = (
				29837EE47FFCC5ACA930E19E /* Sources */,
			);
			buildRules = (
			);
			dependencies = (
			);
			name = PickleballAIWidget;
			packageProductDependencies = (
			);
			productName = PickleballAIWidget;
			productReference = 5BC068B87E22A474B35B0E61 /* PickleballAIWidget.appex */;
			productType = "com.apple.product-type.app-extension";
		};
/* End PBXNativeTarget section */

/* Begin PBXProject section */
		FB8FB6D41A0B6CE682CE30D0 /* Project object */ = {
			isa = PBXProject;
			attributes = {
				BuildIndependentTargetsInParallel = YES;
				LastUpgradeCheck = 1430;
				TargetAttributes = {
					88C9B1CBCD349BD12AF28E51 = {
						DevelopmentTeam = X9H68STU8F;
						ProvisioningStyle = Automatic;
					};
					EB2CCADB659EA66D1ADE192A = {
						DevelopmentTeam = X9H68STU8F;
						ProvisioningStyle = Automatic;
					};
				};
			};
			buildConfigurationList = 02DBA54B681134A51147131A /* Build configuration list for PBXProject "PickleballAI" */;
			developmentRegion = en;
			hasScannedForEncodings = 0;
			knownRegions = (
				Base,
				en,
			);
			mainGroup = 1594D0D1F2011A6C13A02105;
			minimizedProjectReferenceProxies = 1;
			packageReferences = (
				445F1CEC4B259418C30009CB /* XCRemoteSwiftPackageReference "supabase-swift" */,
			);
			preferredProjectObjectVersion = 77;
			productRefGroup = E0D3ED6F956F4A18CE3AE724 /* Products */;
			projectDirPath = "";
			projectRoot = "";
			targets = (
				88C9B1CBCD349BD12AF28E51 /* PickleballAI */,
				EB2CCADB659EA66D1ADE192A /* PickleballAIWidget */,
			);
		};
/* End PBXProject section */

/* Begin PBXResourcesBuildPhase section */
		314ECEABAAD3C8C3337674C1 /* Resources */ = {
			isa = PBXResourcesBuildPhase;
			buildActionMask = 2147483647;
			files = (
				D60B10153096A64D929AE1AC /* Assets.xcassets in Resources */,
				0C149EF49C81B28648ED3BA8 /* Supabase.example.plist in Resources */,
				F9D4FE283820E25A05692966 /* Supabase.plist in Resources */,
			);
			runOnlyForDeploymentPostprocessing = 0;
		};
/* End PBXResourcesBuildPhase section */

/* Begin PBXSourcesBuildPhase section */
		29837EE47FFCC5ACA930E19E /* Sources */ = {
			isa = PBXSourcesBuildPhase;
			buildActionMask = 2147483647;
			files = (
				63CF72EC30CBFEC89BF39639 /* LiveActivityAttributes.swift in Sources */,
				4CD5BF0B95A969D397E3038D /* PickleballAIWidget.swift in Sources */,
			);
			runOnlyForDeploymentPostprocessing = 0;
		};
		556E04E047908FECE0552F06 /* Sources */ = {
			isa = PBXSourcesBuildPhase;
			buildActionMask = 2147483647;
			files = (
				4021BD23A165270D556A2FA3 /* ActiveSessionView.swift in Sources */,
				BE92CB4729FBB03CD0B01DB2 /* AppStore+Auth.swift in Sources */,
				8C3EFF8CB712B5C7D9670B4B /* AppStore+Comments.swift in Sources */,
				FAAE8C4DF4AA21A371F4F0DF /* AppStore+Feed.swift in Sources */,
				E31424AEC6D64816D7DFF5ED /* AppStore+FollowGraph.swift in Sources */,
				CF090BAFE2AE992E3217EBCF /* AppStore+Gear.swift in Sources */,
				E95EB337AB3BC80E320E2F32 /* AppStore+Invites.swift in Sources */,
				376C9B601A4FC26F598DE83D /* AppStore+MediaHelpers.swift in Sources */,
				47D67C0BEA142E3C53143B14 /* AppStore+Notifications.swift in Sources */,
				87D01228FF06C0D2738B7AD4 /* AppStore+Profile.swift in Sources */,
				C3DE8268C0AC0320C03A7380 /* AppStore+Realtime.swift in Sources */,
				3E53197B3ACF8315533AA7C2 /* AppStore+Reposts.swift in Sources */,
				7BE71A2B865DA409C8734967 /* AppStore+Safety.swift in Sources */,
				BBB0B68BD14F2D4AAD57073A /* AppStore+Sessions.swift in Sources */,
				C4D639B6FB92C30CB2822077 /* AppStore.swift in Sources */,
				B7840EC1684B9C2ECA85EAD7 /* AuthComponents.swift in Sources */,
				95C8A46DA87219F98DD0A143 /* AuthView.swift in Sources */,
				F2618610586DB9C3345C94C8 /* Celebration.swift in Sources */,
				1DE50B08C3685F46E9394C4E /* CommentModels.swift in Sources */,
				33C8ACB4E3D0F1DAE5FC4EEF /* CommentsView.swift in Sources */,
				16DD6B39109593928B5583A3 /* ContactsImporter.swift in Sources */,
				664317151FD26AFB65FCFB64 /* DesignSystem.swift in Sources */,
				713CDC37F05C373C2A4C9DFB /* DraftModels.swift in Sources */,
				E610A0298FD18084A62FDD82 /* EdgeFunctionModels.swift in Sources */,
				864554706E770DC971174E0E /* FeedCard.swift in Sources */,
				987C065BEC871C430815F0D5 /* FeedView.swift in Sources */,
				BACB683507C15BE288E50D3C /* FollowListView.swift in Sources */,
				FCD1B8ABB0023F6FEE39758F /* FriendCandidateRow.swift in Sources */,
				01FBF11CB8802B2E11882178 /* GearModels.swift in Sources */,
				4BA0FAC781BDC3A8DB6C1A00 /* GearSheets.swift in Sources */,
				DE6F84AD2314939D4E8C317C /* Haptics.swift in Sources */,
				BE4F20EBC36E0717FC98E442 /* InviteModels.swift in Sources */,
				D7F2EE361D4137FD7E546EB4 /* InviteView.swift in Sources */,
				3D6C3B86141C26738F80B2A1 /* LeaderboardView.swift in Sources */,
				2C8385E386ACCE3A125AEADA /* LegalDocuments.swift in Sources */,
				FD52FEB282F1D784FD37A351 /* LiveActivityAttributes.swift in Sources */,
				5E9F8ED09A2B926B38FFE0C8 /* LiveActivityManager.swift in Sources */,
				B11B01B9A357B172C22B077E /* LocationPicker.swift in Sources */,
				454F25CB28B5C41A3538D5E2 /* LogView.swift in Sources */,
				FEF913231ECBFFED572681C2 /* MeasuresSheet.swift in Sources */,
				6431A39E667DF61B6E39C123 /* MediaHydrator.swift in Sources */,
				076565ECFC5D40E2EDE1D5E1 /* Models.swift in Sources */,
				182BCA3925FD2E77C836B44D /* NotificationModels.swift in Sources */,
				9068203395D5B18A6507DF1D /* NotificationsView.swift in Sources */,
				337E8774FB64CFE5D6978913 /* OnboardingPreview.swift in Sources */,
				5871B4D2606B7AC392C95451 /* OtherProfileView.swift in Sources */,
				09769653678BBE3A0E31E1CB /* PickleballAIApp.swift in Sources */,
				449EC4A27D19CBFFFABCB4CC /* ProfileModels.swift in Sources */,
				C5338F649A3DC6D11AE71F0B /* ProfileView.swift in Sources */,
				91C1312E7498D846C328A74E /* PushService.swift in Sources */,
				67003847FAE65E98968EFA9E /* RealtimeSubscription.swift in Sources */,
				C470D17C473DC9B0C2DAF579 /* RivalsFeature.swift in Sources */,
				89FF47F0442F182F044AEB75 /* RootView.swift in Sources */,
				73DE9030ECD0D2F03C110221 /* SafetyModels.swift in Sources */,
				B1259F60FD1CDB256B4E430A /* SafetySheets.swift in Sources */,
				A7AB3CB17285CB9C76938F9B /* SessionEditors.swift in Sources */,
				13E2AFEB96A070D6E439D80C /* SessionModels.swift in Sources */,
				6903C7CFAC2D15228D2A4C59 /* SessionStats.swift in Sources */,
				6F04A161F647C03393B4DBB5 /* SettingsProfileView.swift in Sources */,
				4A8C0B26C66CA2BCA86EFF37 /* SettingsSubscreens.swift in Sources */,
				391FAF94DA78C7840C956A01 /* SettingsView.swift in Sources */,
				079E74A9F84E8B1B2C9406BD /* ShareCard.swift in Sources */,
				B582D55DDDCD4C2E47573059 /* SocialModels.swift in Sources */,
				BC1C0D7301EDFE01BCAB6B78 /* SocialRequestRows.swift in Sources */,
				CE7E5F4369D9181C9C659C80 /* StatsSheet.swift in Sources */,
				82D712BA16C2330A23E44710 /* SupabaseService.swift in Sources */,
				496643F409765F3DCE496F80 /* WorkoutCalendarCard.swift in Sources */,
			);
			runOnlyForDeploymentPostprocessing = 0;
		};
/* End PBXSourcesBuildPhase section */

/* Begin PBXTargetDependency section */
		DFD7684B83CF0D47C3F359F9 /* PBXTargetDependency */ = {
			isa = PBXTargetDependency;
			target = EB2CCADB659EA66D1ADE192A /* PickleballAIWidget */;
			targetProxy = 618AE303BA1AC3F3256B9909 /* PBXContainerItemProxy */;
		};
/* End PBXTargetDependency section */

/* Begin XCBuildConfiguration section */
		63F5EDF15594A67046AD6184 /* Release */ = {
			isa = XCBuildConfiguration;
			buildSettings = {
				ALWAYS_SEARCH_USER_PATHS = NO;
				CLANG_ANALYZER_NONNULL = YES;
				CLANG_ANALYZER_NUMBER_OBJECT_CONVERSION = YES_AGGRESSIVE;
				CLANG_CXX_LANGUAGE_STANDARD = "gnu++14";
				CLANG_CXX_LIBRARY = "libc++";
				CLANG_ENABLE_MODULES = YES;
				CLANG_ENABLE_OBJC_ARC = YES;
				CLANG_ENABLE_OBJC_WEAK = YES;
				CLANG_WARN_BLOCK_CAPTURE_AUTORELEASING = YES;
				CLANG_WARN_BOOL_CONVERSION = YES;
				CLANG_WARN_COMMA = YES;
				CLANG_WARN_CONSTANT_CONVERSION = YES;
				CLANG_WARN_DEPRECATED_OBJC_IMPLEMENTATIONS = YES;
				CLANG_WARN_DIRECT_OBJC_ISA_USAGE = YES_ERROR;
				CLANG_WARN_DOCUMENTATION_COMMENTS = YES;
				CLANG_WARN_EMPTY_BODY = YES;
				CLANG_WARN_ENUM_CONVERSION = YES;
				CLANG_WARN_INFINITE_RECURSION = YES;
				CLANG_WARN_INT_CONVERSION = YES;
				CLANG_WARN_NON_LITERAL_NULL_CONVERSION = YES;
				CLANG_WARN_OBJC_IMPLICIT_RETAIN_SELF = YES;
				CLANG_WARN_OBJC_LITERAL_CONVERSION = YES;
				CLANG_WARN_OBJC_ROOT_CLASS = YES_ERROR;
				CLANG_WARN_QUOTED_INCLUDE_IN_FRAMEWORK_HEADER = YES;
				CLANG_WARN_RANGE_LOOP_ANALYSIS = YES;
				CLANG_WARN_STRICT_PROTOTYPES = YES;
				CLANG_WARN_SUSPICIOUS_MOVE = YES;
				CLANG_WARN_UNGUARDED_AVAILABILITY = YES_AGGRESSIVE;
				CLANG_WARN_UNREACHABLE_CODE = YES;
				CLANG_WARN__DUPLICATE_METHOD_MATCH = YES;
				CODE_SIGN_STYLE = Automatic;
				COPY_PHASE_STRIP = NO;
				CURRENT_PROJECT_VERSION = 14;
				DEBUG_INFORMATION_FORMAT = "dwarf-with-dsym";
				DEVELOPMENT_TEAM = X9H68STU8F;
				ENABLE_NS_ASSERTIONS = NO;
				ENABLE_STRICT_OBJC_MSGSEND = YES;
				GCC_C_LANGUAGE_STANDARD = gnu11;
				GCC_NO_COMMON_BLOCKS = YES;
				GCC_WARN_64_TO_32_BIT_CONVERSION = YES;
				GCC_WARN_ABOUT_RETURN_TYPE = YES_ERROR;
				GCC_WARN_UNDECLARED_SELECTOR = YES;
				GCC_WARN_UNINITIALIZED_AUTOS = YES_AGGRESSIVE;
				GCC_WARN_UNUSED_FUNCTION = YES;
				GCC_WARN_UNUSED_VARIABLE = YES;
				IPHONEOS_DEPLOYMENT_TARGET = 17.0;
				MARKETING_VERSION = 0.1.0;
				MTL_ENABLE_DEBUG_INFO = NO;
				MTL_FAST_MATH = YES;
				PRODUCT_NAME = "$(TARGET_NAME)";
				SDKROOT = iphoneos;
				SWIFT_COMPILATION_MODE = wholemodule;
				SWIFT_OPTIMIZATION_LEVEL = "-O";
				SWIFT_VERSION = 5.0;
			};
			name = Release;
		};
		6AE9EB2BE4B63CA8AEAF6695 /* Debug */ = {
			isa = XCBuildConfiguration;
			buildSettings = {
				ALWAYS_SEARCH_USER_PATHS = NO;
				CLANG_ANALYZER_NONNULL = YES;
				CLANG_ANALYZER_NUMBER_OBJECT_CONVERSION = YES_AGGRESSIVE;
				CLANG_CXX_LANGUAGE_STANDARD = "gnu++14";
				CLANG_CXX_LIBRARY = "libc++";
				CLANG_ENABLE_MODULES = YES;
				CLANG_ENABLE_OBJC_ARC = YES;
				CLANG_ENABLE_OBJC_WEAK = YES;
				CLANG_WARN_BLOCK_CAPTURE_AUTORELEASING = YES;
				CLANG_WARN_BOOL_CONVERSION = YES;
				CLANG_WARN_COMMA = YES;
				CLANG_WARN_CONSTANT_CONVERSION = YES;
				CLANG_WARN_DEPRECATED_OBJC_IMPLEMENTATIONS = YES;
				CLANG_WARN_DIRECT_OBJC_ISA_USAGE = YES_ERROR;
				CLANG_WARN_DOCUMENTATION_COMMENTS = YES;
				CLANG_WARN_EMPTY_BODY = YES;
				CLANG_WARN_ENUM_CONVERSION = YES;
				CLANG_WARN_INFINITE_RECURSION = YES;
				CLANG_WARN_INT_CONVERSION = YES;
				CLANG_WARN_NON_LITERAL_NULL_CONVERSION = YES;
				CLANG_WARN_OBJC_IMPLICIT_RETAIN_SELF = YES;
				CLANG_WARN_OBJC_LITERAL_CONVERSION = YES;
				CLANG_WARN_OBJC_ROOT_CLASS = YES_ERROR;
				CLANG_WARN_QUOTED_INCLUDE_IN_FRAMEWORK_HEADER = YES;
				CLANG_WARN_RANGE_LOOP_ANALYSIS = YES;
				CLANG_WARN_STRICT_PROTOTYPES = YES;
				CLANG_WARN_SUSPICIOUS_MOVE = YES;
				CLANG_WARN_UNGUARDED_AVAILABILITY = YES_AGGRESSIVE;
				CLANG_WARN_UNREACHABLE_CODE = YES;
				CLANG_WARN__DUPLICATE_METHOD_MATCH = YES;
				CODE_SIGN_STYLE = Automatic;
				COPY_PHASE_STRIP = NO;
				CURRENT_PROJECT_VERSION = 14;
				DEBUG_INFORMATION_FORMAT = dwarf;
				DEVELOPMENT_TEAM = X9H68STU8F;
				ENABLE_STRICT_OBJC_MSGSEND = YES;
				ENABLE_TESTABILITY = YES;
				GCC_C_LANGUAGE_STANDARD = gnu11;
				GCC_DYNAMIC_NO_PIC = NO;
				GCC_NO_COMMON_BLOCKS = YES;
				GCC_OPTIMIZATION_LEVEL = 0;
				GCC_PREPROCESSOR_DEFINITIONS = (
					"$(inherited)",
					"DEBUG=1",
				);
				GCC_WARN_64_TO_32_BIT_CONVERSION = YES;
				GCC_WARN_ABOUT_RETURN_TYPE = YES_ERROR;
				GCC_WARN_UNDECLARED_SELECTOR = YES;
				GCC_WARN_UNINITIALIZED_AUTOS = YES_AGGRESSIVE;
				GCC_WARN_UNUSED_FUNCTION = YES;
				GCC_WARN_UNUSED_VARIABLE = YES;
				IPHONEOS_DEPLOYMENT_TARGET = 17.0;
				MARKETING_VERSION = 0.1.0;
				MTL_ENABLE_DEBUG_INFO = INCLUDE_SOURCE;
				MTL_FAST_MATH = YES;
				ONLY_ACTIVE_ARCH = YES;
				PRODUCT_NAME = "$(TARGET_NAME)";
				SDKROOT = iphoneos;
				SWIFT_ACTIVE_COMPILATION_CONDITIONS = DEBUG;
				SWIFT_OPTIMIZATION_LEVEL = "-Onone";
				SWIFT_VERSION = 5.0;
			};
			name = Debug;
		};
		BB706CDA020927BDBAB9C613 /* Release */ = {
			isa = XCBuildConfiguration;
			buildSettings = {
				ASSETCATALOG_COMPILER_GLOBAL_ACCENT_COLOR_NAME = AccentColor;
				INFOPLIST_FILE = PickleballAIWidget/Info.plist;
				INFOPLIST_KEY_CFBundleDisplayName = pickleball.ai;
				LD_RUNPATH_SEARCH_PATHS = (
					"$(inherited)",
					"@executable_path/Frameworks",
					"@executable_path/../../Frameworks",
				);
				PRODUCT_BUNDLE_IDENTIFIER = com.pickleball.ai.widget;
				PRODUCT_NAME = PickleballAIWidget;
				SDKROOT = iphoneos;
				TARGETED_DEVICE_FAMILY = 1;
			};
			name = Release;
		};
		BEBD835F2AC8891EDDE7977D /* Release */ = {
			isa = XCBuildConfiguration;
			buildSettings = {
				ASSETCATALOG_COMPILER_APPICON_NAME = AppIcon;
				ASSETCATALOG_COMPILER_GLOBAL_ACCENT_COLOR_NAME = AccentColor;
				CODE_SIGN_ENTITLEMENTS = PickleballAI/PickleballAI.entitlements;
				CODE_SIGN_IDENTITY = "iPhone Developer";
				INFOPLIST_FILE = PickleballAI/Info.plist;
				INFOPLIST_KEY_CFBundleDisplayName = pickleball.ai;
				INFOPLIST_KEY_UIApplicationSupportsIndirectInputEvents = YES;
				INFOPLIST_KEY_UILaunchScreen_Generation = YES;
				LD_RUNPATH_SEARCH_PATHS = (
					"$(inherited)",
					"@executable_path/Frameworks",
				);
				PRODUCT_BUNDLE_IDENTIFIER = com.pickleball.ai;
				PRODUCT_NAME = PickleballAI;
				SDKROOT = iphoneos;
				TARGETED_DEVICE_FAMILY = 1;
			};
			name = Release;
		};
		BF092C06E463DAA086BEB061 /* Debug */ = {
			isa = XCBuildConfiguration;
			buildSettings = {
				ASSETCATALOG_COMPILER_GLOBAL_ACCENT_COLOR_NAME = AccentColor;
				INFOPLIST_FILE = PickleballAIWidget/Info.plist;
				INFOPLIST_KEY_CFBundleDisplayName = pickleball.ai;
				LD_RUNPATH_SEARCH_PATHS = (
					"$(inherited)",
					"@executable_path/Frameworks",
					"@executable_path/../../Frameworks",
				);
				PRODUCT_BUNDLE_IDENTIFIER = com.pickleball.ai.widget;
				PRODUCT_NAME = PickleballAIWidget;
				SDKROOT = iphoneos;
				TARGETED_DEVICE_FAMILY = 1;
			};
			name = Debug;
		};
		F213B347262FDBA67E8C9ED6 /* Debug */ = {
			isa = XCBuildConfiguration;
			buildSettings = {
				ASSETCATALOG_COMPILER_APPICON_NAME = AppIcon;
				ASSETCATALOG_COMPILER_GLOBAL_ACCENT_COLOR_NAME = AccentColor;
				CODE_SIGN_ENTITLEMENTS = PickleballAI/PickleballAI.entitlements;
				CODE_SIGN_IDENTITY = "iPhone Developer";
				INFOPLIST_FILE = PickleballAI/Info.plist;
				INFOPLIST_KEY_CFBundleDisplayName = pickleball.ai;
				INFOPLIST_KEY_UIApplicationSupportsIndirectInputEvents = YES;
				INFOPLIST_KEY_UILaunchScreen_Generation = YES;
				LD_RUNPATH_SEARCH_PATHS = (
					"$(inherited)",
					"@executable_path/Frameworks",
				);
				PRODUCT_BUNDLE_IDENTIFIER = com.pickleball.ai;
				PRODUCT_NAME = PickleballAI;
				SDKROOT = iphoneos;
				TARGETED_DEVICE_FAMILY = 1;
			};
			name = Debug;
		};
/* End XCBuildConfiguration section */

/* Begin XCConfigurationList section */
		02DBA54B681134A51147131A /* Build configuration list for PBXProject "PickleballAI" */ = {
			isa = XCConfigurationList;
			buildConfigurations = (
				6AE9EB2BE4B63CA8AEAF6695 /* Debug */,
				63F5EDF15594A67046AD6184 /* Release */,
			);
			defaultConfigurationIsVisible = 0;
			defaultConfigurationName = Debug;
		};
		A7C4CD515EC3718A68FDBAED /* Build configuration list for PBXNativeTarget "PickleballAI" */ = {
			isa = XCConfigurationList;
			buildConfigurations = (
				F213B347262FDBA67E8C9ED6 /* Debug */,
				BEBD835F2AC8891EDDE7977D /* Release */,
			);
			defaultConfigurationIsVisible = 0;
			defaultConfigurationName = Debug;
		};
		E3183EDA5466E707DCF72FEB /* Build configuration list for PBXNativeTarget "PickleballAIWidget" */ = {
			isa = XCConfigurationList;
			buildConfigurations = (
				BF092C06E463DAA086BEB061 /* Debug */,
				BB706CDA020927BDBAB9C613 /* Release */,
			);
			defaultConfigurationIsVisible = 0;
			defaultConfigurationName = Debug;
		};
/* End XCConfigurationList section */

/* Begin XCRemoteSwiftPackageReference section */
		445F1CEC4B259418C30009CB /* XCRemoteSwiftPackageReference "supabase-swift" */ = {
			isa = XCRemoteSwiftPackageReference;
			repositoryURL = "https://github.com/supabase/supabase-swift";
			requirement = {
				kind = upToNextMajorVersion;
				minimumVersion = 2.0.0;
			};
		};
/* End XCRemoteSwiftPackageReference section */

/* Begin XCSwiftPackageProductDependency section */
		54014EB97F18D699B5E8FE5C /* Supabase */ = {
			isa = XCSwiftPackageProductDependency;
			package = 445F1CEC4B259418C30009CB /* XCRemoteSwiftPackageReference "supabase-swift" */;
			productName = Supabase;
		};
/* End XCSwiftPackageProductDependency section */
	};
	rootObject = FB8FB6D41A0B6CE682CE30D0 /* Project object */;
}
