// !$*UTF8*$!
{
	archiveVersion = 1;
	classes = {
	};
	objectVersion = 77;
	objects = {

/* Begin PBXBuildFile section */
		076565ECFC5D40E2EDE1D5E1 /* Models.swift in Sources */ = {isa = PBXBuildFile; fileRef = FC7CF99A3E687EB8A86C623F /* Models.swift */; };
		09769653678BBE3A0E31E1CB /* PickleballAIApp.swift in Sources */ = {isa = PBXBuildFile; fileRef = 81B8CE679ACD5A6F4E5DCB13 /* PickleballAIApp.swift */; };
		0C149EF49C81B28648ED3BA8 /* Supabase.example.plist in Resources */ = {isa = PBXBuildFile; fileRef = DD24443783672F30DD360A7A /* Supabase.example.plist */; };
		0E2AC177A194D8977E9C9DA3 /* RemoteModels.swift in Sources */ = {isa = PBXBuildFile; fileRef = F8FD3C96B80BD2A5C26D975D /* RemoteModels.swift */; };
		16DD6B39109593928B5583A3 /* ContactsImporter.swift in Sources */ = {isa = PBXBuildFile; fileRef = 14EC4FAB3BC7409E94B9F0E1 /* ContactsImporter.swift */; };
		454F25CB28B5C41A3538D5E2 /* LogView.swift in Sources */ = {isa = PBXBuildFile; fileRef = B3FA4363BCD03C413DB5D6C4 /* LogView.swift */; };
		4C4D1BAB0ADC400DABD9541C /* ProfileSheets.swift in Sources */ = {isa = PBXBuildFile; fileRef = E57559D0A66C08920B1C67A3 /* ProfileSheets.swift */; };
		5871B4D2606B7AC392C95451 /* OtherProfileView.swift in Sources */ = {isa = PBXBuildFile; fileRef = 72609C0E290C1E3683A88921 /* OtherProfileView.swift */; };
		664317151FD26AFB65FCFB64 /* DesignSystem.swift in Sources */ = {isa = PBXBuildFile; fileRef = 2C2F55C19C493784AFEFC588 /* DesignSystem.swift */; };
		80E343E6CCC9B13005C13F64 /* Supabase in Frameworks */ = {isa = PBXBuildFile; productRef = 54014EB97F18D699B5E8FE5C /* Supabase */; };
		82D712BA16C2330A23E44710 /* SupabaseService.swift in Sources */ = {isa = PBXBuildFile; fileRef = 812326B10CE11A6D68558757 /* SupabaseService.swift */; };
		89FF47F0442F182F044AEB75 /* RootView.swift in Sources */ = {isa = PBXBuildFile; fileRef = A26F3CB239971947B6371E26 /* RootView.swift */; };
		95C8A46DA87219F98DD0A143 /* AuthView.swift in Sources */ = {isa = PBXBuildFile; fileRef = 38D466C6F8E7D2FD8E302914 /* AuthView.swift */; };
		987C065BEC871C430815F0D5 /* FeedView.swift in Sources */ = {isa = PBXBuildFile; fileRef = 92AD1866882A183DAB69974D /* FeedView.swift */; };
		A7AB3CB17285CB9C76938F9B /* SessionEditors.swift in Sources */ = {isa = PBXBuildFile; fileRef = 5F3DE89404F54F718B1D071B /* SessionEditors.swift */; };
		BACB683507C15BE288E50D3C /* FollowListView.swift in Sources */ = {isa = PBXBuildFile; fileRef = 7854EB879EEA122DFA7E5FE1 /* FollowListView.swift */; };
		C4D639B6FB92C30CB2822077 /* AppStore.swift in Sources */ = {isa = PBXBuildFile; fileRef = 5D656AFC1851F5D01BC4BB70 /* AppStore.swift */; };
		C5338F649A3DC6D11AE71F0B /* ProfileView.swift in Sources */ = {isa = PBXBuildFile; fileRef = 528729889F780FEF8B81D160 /* ProfileView.swift */; };
		D60B10153096A64D929AE1AC /* Assets.xcassets in Resources */ = {isa = PBXBuildFile; fileRef = C8FB91BA2DDF8C003EC30E00 /* Assets.xcassets */; };
		F9D4FE283820E25A05692966 /* Supabase.plist in Resources */ = {isa = PBXBuildFile; fileRef = 110EB1A0604D9D68DD50D886 /* Supabase.plist */; };
/* End PBXBuildFile section */

/* Begin PBXFileReference section */
		110EB1A0604D9D68DD50D886 /* Supabase.plist */ = {isa = PBXFileReference; lastKnownFileType = text.plist; path = Supabase.plist; sourceTree = "<group>"; };
		14EC4FAB3BC7409E94B9F0E1 /* ContactsImporter.swift */ = {isa = PBXFileReference; lastKnownFileType = sourcecode.swift; path = ContactsImporter.swift; sourceTree = "<group>"; };
		2C2F55C19C493784AFEFC588 /* DesignSystem.swift */ = {isa = PBXFileReference; lastKnownFileType = sourcecode.swift; path = DesignSystem.swift; sourceTree = "<group>"; };
		38D466C6F8E7D2FD8E302914 /* AuthView.swift */ = {isa = PBXFileReference; lastKnownFileType = sourcecode.swift; path = AuthView.swift; sourceTree = "<group>"; };
		528729889F780FEF8B81D160 /* ProfileView.swift */ = {isa = PBXFileReference; lastKnownFileType = sourcecode.swift; path = ProfileView.swift; sourceTree = "<group>"; };
		5D656AFC1851F5D01BC4BB70 /* AppStore.swift */ = {isa = PBXFileReference; lastKnownFileType = sourcecode.swift; path = AppStore.swift; sourceTree = "<group>"; };
		5F3DE89404F54F718B1D071B /* SessionEditors.swift */ = {isa = PBXFileReference; lastKnownFileType = sourcecode.swift; path = SessionEditors.swift; sourceTree = "<group>"; };
		6BAF5E29E3E19941F0F544FB /* PickleballAI.app */ = {isa = PBXFileReference; includeInIndex = 0; lastKnownFileType = wrapper.application; path = PickleballAI.app; sourceTree = BUILT_PRODUCTS_DIR; };
		6BF6725B8FBFB5A75FCF41BB /* Info.plist */ = {isa = PBXFileReference; lastKnownFileType = text.plist; path = Info.plist; sourceTree = "<group>"; };
		72609C0E290C1E3683A88921 /* OtherProfileView.swift */ = {isa = PBXFileReference; lastKnownFileType = sourcecode.swift; path = OtherProfileView.swift; sourceTree = "<group>"; };
		7854EB879EEA122DFA7E5FE1 /* FollowListView.swift */ = {isa = PBXFileReference; lastKnownFileType = sourcecode.swift; path = FollowListView.swift; sourceTree = "<group>"; };
		812326B10CE11A6D68558757 /* SupabaseService.swift */ = {isa = PBXFileReference; lastKnownFileType = sourcecode.swift; path = SupabaseService.swift; sourceTree = "<group>"; };
		81B8CE679ACD5A6F4E5DCB13 /* PickleballAIApp.swift */ = {isa = PBXFileReference; lastKnownFileType = sourcecode.swift; path = PickleballAIApp.swift; sourceTree = "<group>"; };
		92AD1866882A183DAB69974D /* FeedView.swift */ = {isa = PBXFileReference; lastKnownFileType = sourcecode.swift; path = FeedView.swift; sourceTree = "<group>"; };
		A26F3CB239971947B6371E26 /* RootView.swift */ = {isa = PBXFileReference; lastKnownFileType = sourcecode.swift; path = RootView.swift; sourceTree = "<group>"; };
		B3FA4363BCD03C413DB5D6C4 /* LogView.swift */ = {isa = PBXFileReference; lastKnownFileType = sourcecode.swift; path = LogView.swift; sourceTree = "<group>"; };
		C8FB91BA2DDF8C003EC30E00 /* Assets.xcassets */ = {isa = PBXFileReference; lastKnownFileType = folder.assetcatalog; path = Assets.xcassets; sourceTree = "<group>"; };
		DD24443783672F30DD360A7A /* Supabase.example.plist */ = {isa = PBXFileReference; lastKnownFileType = text.plist; path = Supabase.example.plist; sourceTree = "<group>"; };
		E57559D0A66C08920B1C67A3 /* ProfileSheets.swift */ = {isa = PBXFileReference; lastKnownFileType = sourcecode.swift; path = ProfileSheets.swift; sourceTree = "<group>"; };
		F8FD3C96B80BD2A5C26D975D /* RemoteModels.swift */ = {isa = PBXFileReference; lastKnownFileType = sourcecode.swift; path = RemoteModels.swift; sourceTree = "<group>"; };
		FC7CF99A3E687EB8A86C623F /* Models.swift */ = {isa = PBXFileReference; lastKnownFileType = sourcecode.swift; path = Models.swift; sourceTree = "<group>"; };
/* End PBXFileReference section */

/* Begin PBXFrameworksBuildPhase section */
		093F2A4AB07067E7B39F6177 /* Frameworks */ = {
			isa = PBXFrameworksBuildPhase;
			buildActionMask = 2147483647;
			files = (
				80E343E6CCC9B13005C13F64 /* Supabase in Frameworks */,
			);
			runOnlyForDeploymentPostprocessing = 0;
		};
/* End PBXFrameworksBuildPhase section */

/* Begin PBXGroup section */
		1594D0D1F2011A6C13A02105 = {
			isa = PBXGroup;
			children = (
				B6E970CBD13B44D059257F04 /* PickleballAI */,
				E0D3ED6F956F4A18CE3AE724 /* Products */,
			);
			sourceTree = "<group>";
		};
		B6E970CBD13B44D059257F04 /* PickleballAI */ = {
			isa = PBXGroup;
			children = (
				5D656AFC1851F5D01BC4BB70 /* AppStore.swift */,
				C8FB91BA2DDF8C003EC30E00 /* Assets.xcassets */,
				38D466C6F8E7D2FD8E302914 /* AuthView.swift */,
				14EC4FAB3BC7409E94B9F0E1 /* ContactsImporter.swift */,
				2C2F55C19C493784AFEFC588 /* DesignSystem.swift */,
				92AD1866882A183DAB69974D /* FeedView.swift */,
				7854EB879EEA122DFA7E5FE1 /* FollowListView.swift */,
				6BF6725B8FBFB5A75FCF41BB /* Info.plist */,
				B3FA4363BCD03C413DB5D6C4 /* LogView.swift */,
				FC7CF99A3E687EB8A86C623F /* Models.swift */,
				72609C0E290C1E3683A88921 /* OtherProfileView.swift */,
				81B8CE679ACD5A6F4E5DCB13 /* PickleballAIApp.swift */,
				E57559D0A66C08920B1C67A3 /* ProfileSheets.swift */,
				528729889F780FEF8B81D160 /* ProfileView.swift */,
				F8FD3C96B80BD2A5C26D975D /* RemoteModels.swift */,
				A26F3CB239971947B6371E26 /* RootView.swift */,
				5F3DE89404F54F718B1D071B /* SessionEditors.swift */,
				DD24443783672F30DD360A7A /* Supabase.example.plist */,
				110EB1A0604D9D68DD50D886 /* Supabase.plist */,
				812326B10CE11A6D68558757 /* SupabaseService.swift */,
			);
			path = PickleballAI;
			sourceTree = "<group>";
		};
		E0D3ED6F956F4A18CE3AE724 /* Products */ = {
			isa = PBXGroup;
			children = (
				6BAF5E29E3E19941F0F544FB /* PickleballAI.app */,
			);
			name = Products;
			sourceTree = "<group>";
		};
/* End PBXGroup section */

/* Begin PBXNativeTarget section */
		88C9B1CBCD349BD12AF28E51 /* PickleballAI */ = {
			isa = PBXNativeTarget;
			buildConfigurationList = A7C4CD515EC3718A68FDBAED /* Build configuration list for PBXNativeTarget "PickleballAI" */;
			buildPhases = (
				556E04E047908FECE0552F06 /* Sources */,
				314ECEABAAD3C8C3337674C1 /* Resources */,
				093F2A4AB07067E7B39F6177 /* Frameworks */,
			);
			buildRules = (
			);
			dependencies = (
			);
			name = PickleballAI;
			packageProductDependencies = (
				54014EB97F18D699B5E8FE5C /* Supabase */,
			);
			productName = PickleballAI;
			productReference = 6BAF5E29E3E19941F0F544FB /* PickleballAI.app */;
			productType = "com.apple.product-type.application";
		};
/* End PBXNativeTarget section */

/* Begin PBXProject section */
		FB8FB6D41A0B6CE682CE30D0 /* Project object */ = {
			isa = PBXProject;
			attributes = {
				BuildIndependentTargetsInParallel = YES;
				LastUpgradeCheck = 1430;
				TargetAttributes = {
					88C9B1CBCD349BD12AF28E51 = {
						DevelopmentTeam = X9H68STU8F;
						ProvisioningStyle = Automatic;
					};
				};
			};
			buildConfigurationList = 02DBA54B681134A51147131A /* Build configuration list for PBXProject "PickleballAI" */;
			developmentRegion = en;
			hasScannedForEncodings = 0;
			knownRegions = (
				Base,
				en,
			);
			mainGroup = 1594D0D1F2011A6C13A02105;
			minimizedProjectReferenceProxies = 1;
			packageReferences = (
				445F1CEC4B259418C30009CB /* XCRemoteSwiftPackageReference "supabase-swift" */,
			);
			preferredProjectObjectVersion = 77;
			productRefGroup = E0D3ED6F956F4A18CE3AE724 /* Products */;
			projectDirPath = "";
			projectRoot = "";
			targets = (
				88C9B1CBCD349BD12AF28E51 /* PickleballAI */,
			);
		};
/* End PBXProject section */

/* Begin PBXResourcesBuildPhase section */
		314ECEABAAD3C8C3337674C1 /* Resources */ = {
			isa = PBXResourcesBuildPhase;
			buildActionMask = 2147483647;
			files = (
				D60B10153096A64D929AE1AC /* Assets.xcassets in Resources */,
				0C149EF49C81B28648ED3BA8 /* Supabase.example.plist in Resources */,
				F9D4FE283820E25A05692966 /* Supabase.plist in Resources */,
			);
			runOnlyForDeploymentPostprocessing = 0;
		};
/* End PBXResourcesBuildPhase section */

/* Begin PBXSourcesBuildPhase section */
		556E04E047908FECE0552F06 /* Sources */ = {
			isa = PBXSourcesBuildPhase;
			buildActionMask = 2147483647;
			files = (
				C4D639B6FB92C30CB2822077 /* AppStore.swift in Sources */,
				95C8A46DA87219F98DD0A143 /* AuthView.swift in Sources */,
				16DD6B39109593928B5583A3 /* ContactsImporter.swift in Sources */,
				664317151FD26AFB65FCFB64 /* DesignSystem.swift in Sources */,
				987C065BEC871C430815F0D5 /* FeedView.swift in Sources */,
				BACB683507C15BE288E50D3C /* FollowListView.swift in Sources */,
				454F25CB28B5C41A3538D5E2 /* LogView.swift in Sources */,
				076565ECFC5D40E2EDE1D5E1 /* Models.swift in Sources */,
				5871B4D2606B7AC392C95451 /* OtherProfileView.swift in Sources */,
				09769653678BBE3A0E31E1CB /* PickleballAIApp.swift in Sources */,
				4C4D1BAB0ADC400DABD9541C /* ProfileSheets.swift in Sources */,
				C5338F649A3DC6D11AE71F0B /* ProfileView.swift in Sources */,
				0E2AC177A194D8977E9C9DA3 /* RemoteModels.swift in Sources */,
				89FF47F0442F182F044AEB75 /* RootView.swift in Sources */,
				A7AB3CB17285CB9C76938F9B /* SessionEditors.swift in Sources */,
				82D712BA16C2330A23E44710 /* SupabaseService.swift in Sources */,
			);
			runOnlyForDeploymentPostprocessing = 0;
		};
/* End PBXSourcesBuildPhase section */

/* Begin XCBuildConfiguration section */
		63F5EDF15594A67046AD6184 /* Release */ = {
			isa = XCBuildConfiguration;
			buildSettings = {
				ALWAYS_SEARCH_USER_PATHS = NO;
				CLANG_ANALYZER_NONNULL = YES;
				CLANG_ANALYZER_NUMBER_OBJECT_CONVERSION = YES_AGGRESSIVE;
				CLANG_CXX_LANGUAGE_STANDARD = "gnu++14";
				CLANG_CXX_LIBRARY = "libc++";
				CLANG_ENABLE_MODULES = YES;
				CLANG_ENABLE_OBJC_ARC = YES;
				CLANG_ENABLE_OBJC_WEAK = YES;
				CLANG_WARN_BLOCK_CAPTURE_AUTORELEASING = YES;
				CLANG_WARN_BOOL_CONVERSION = YES;
				CLANG_WARN_COMMA = YES;
				CLANG_WARN_CONSTANT_CONVERSION = YES;
				CLANG_WARN_DEPRECATED_OBJC_IMPLEMENTATIONS = YES;
				CLANG_WARN_DIRECT_OBJC_ISA_USAGE = YES_ERROR;
				CLANG_WARN_DOCUMENTATION_COMMENTS = YES;
				CLANG_WARN_EMPTY_BODY = YES;
				CLANG_WARN_ENUM_CONVERSION = YES;
				CLANG_WARN_INFINITE_RECURSION = YES;
				CLANG_WARN_INT_CONVERSION = YES;
				CLANG_WARN_NON_LITERAL_NULL_CONVERSION = YES;
				CLANG_WARN_OBJC_IMPLICIT_RETAIN_SELF = YES;
				CLANG_WARN_OBJC_LITERAL_CONVERSION = YES;
				CLANG_WARN_OBJC_ROOT_CLASS = YES_ERROR;
				CLANG_WARN_QUOTED_INCLUDE_IN_FRAMEWORK_HEADER = YES;
				CLANG_WARN_RANGE_LOOP_ANALYSIS = YES;
				CLANG_WARN_STRICT_PROTOTYPES = YES;
				CLANG_WARN_SUSPICIOUS_MOVE = YES;
				CLANG_WARN_UNGUARDED_AVAILABILITY = YES_AGGRESSIVE;
				CLANG_WARN_UNREACHABLE_CODE = YES;
				CLANG_WARN__DUPLICATE_METHOD_MATCH = YES;
				CODE_SIGN_STYLE = Automatic;
				COPY_PHASE_STRIP = NO;
				CURRENT_PROJECT_VERSION = 2;
				DEBUG_INFORMATION_FORMAT = "dwarf-with-dsym";
				DEVELOPMENT_TEAM = X9H68STU8F;
				ENABLE_NS_ASSERTIONS = NO;
				ENABLE_STRICT_OBJC_MSGSEND = YES;
				GCC_C_LANGUAGE_STANDARD = gnu11;
				GCC_NO_COMMON_BLOCKS = YES;
				GCC_WARN_64_TO_32_BIT_CONVERSION = YES;
				GCC_WARN_ABOUT_RETURN_TYPE = YES_ERROR;
				GCC_WARN_UNDECLARED_SELECTOR = YES;
				GCC_WARN_UNINITIALIZED_AUTOS = YES_AGGRESSIVE;
				GCC_WARN_UNUSED_FUNCTION = YES;
				GCC_WARN_UNUSED_VARIABLE = YES;
				IPHONEOS_DEPLOYMENT_TARGET = 17.0;
				MARKETING_VERSION = 0.1.0;
				MTL_ENABLE_DEBUG_INFO = NO;
				MTL_FAST_MATH = YES;
				PRODUCT_NAME = "$(TARGET_NAME)";
				SDKROOT = iphoneos;
				SWIFT_COMPILATION_MODE = wholemodule;
				SWIFT_OPTIMIZATION_LEVEL = "-O";
				SWIFT_VERSION = 5.0;
			};
			name = Release;
		};
		6AE9EB2BE4B63CA8AEAF6695 /* Debug */ = {
			isa = XCBuildConfiguration;
			buildSettings = {
				ALWAYS_SEARCH_USER_PATHS = NO;
				CLANG_ANALYZER_NONNULL = YES;
				CLANG_ANALYZER_NUMBER_OBJECT_CONVERSION = YES_AGGRESSIVE;
				CLANG_CXX_LANGUAGE_STANDARD = "gnu++14";
				CLANG_CXX_LIBRARY = "libc++";
				CLANG_ENABLE_MODULES = YES;
				CLANG_ENABLE_OBJC_ARC = YES;
				CLANG_ENABLE_OBJC_WEAK = YES;
				CLANG_WARN_BLOCK_CAPTURE_AUTORELEASING = YES;
				CLANG_WARN_BOOL_CONVERSION = YES;
				CLANG_WARN_COMMA = YES;
				CLANG_WARN_CONSTANT_CONVERSION = YES;
				CLANG_WARN_DEPRECATED_OBJC_IMPLEMENTATIONS = YES;
				CLANG_WARN_DIRECT_OBJC_ISA_USAGE = YES_ERROR;
				CLANG_WARN_DOCUMENTATION_COMMENTS = YES;
				CLANG_WARN_EMPTY_BODY = YES;
				CLANG_WARN_ENUM_CONVERSION = YES;
				CLANG_WARN_INFINITE_RECURSION = YES;
				CLANG_WARN_INT_CONVERSION = YES;
				CLANG_WARN_NON_LITERAL_NULL_CONVERSION = YES;
				CLANG_WARN_OBJC_IMPLICIT_RETAIN_SELF = YES;
				CLANG_WARN_OBJC_LITERAL_CONVERSION = YES;
				CLANG_WARN_OBJC_ROOT_CLASS = YES_ERROR;
				CLANG_WARN_QUOTED_INCLUDE_IN_FRAMEWORK_HEADER = YES;
				CLANG_WARN_RANGE_LOOP_ANALYSIS = YES;
				CLANG_WARN_STRICT_PROTOTYPES = YES;
				CLANG_WARN_SUSPICIOUS_MOVE = YES;
				CLANG_WARN_UNGUARDED_AVAILABILITY = YES_AGGRESSIVE;
				CLANG_WARN_UNREACHABLE_CODE = YES;
				CLANG_WARN__DUPLICATE_METHOD_MATCH = YES;
				CODE_SIGN_STYLE = Automatic;
				COPY_PHASE_STRIP = NO;
				CURRENT_PROJECT_VERSION = 2;
				DEBUG_INFORMATION_FORMAT = dwarf;
				DEVELOPMENT_TEAM = X9H68STU8F;
				ENABLE_STRICT_OBJC_MSGSEND = YES;
				ENABLE_TESTABILITY = YES;
				GCC_C_LANGUAGE_STANDARD = gnu11;
				GCC_DYNAMIC_NO_PIC = NO;
				GCC_NO_COMMON_BLOCKS = YES;
				GCC_OPTIMIZATION_LEVEL = 0;
				GCC_PREPROCESSOR_DEFINITIONS = (
					"$(inherited)",
					"DEBUG=1",
				);
				GCC_WARN_64_TO_32_BIT_CONVERSION = YES;
				GCC_WARN_ABOUT_RETURN_TYPE = YES_ERROR;
				GCC_WARN_UNDECLARED_SELECTOR = YES;
				GCC_WARN_UNINITIALIZED_AUTOS = YES_AGGRESSIVE;
				GCC_WARN_UNUSED_FUNCTION = YES;
				GCC_WARN_UNUSED_VARIABLE = YES;
				IPHONEOS_DEPLOYMENT_TARGET = 17.0;
				MARKETING_VERSION = 0.1.0;
				MTL_ENABLE_DEBUG_INFO = INCLUDE_SOURCE;
				MTL_FAST_MATH = YES;
				ONLY_ACTIVE_ARCH = YES;
				PRODUCT_NAME = "$(TARGET_NAME)";
				SDKROOT = iphoneos;
				SWIFT_ACTIVE_COMPILATION_CONDITIONS = DEBUG;
				SWIFT_OPTIMIZATION_LEVEL = "-Onone";
				SWIFT_VERSION = 5.0;
			};
			name = Debug;
		};
		BEBD835F2AC8891EDDE7977D /* Release */ = {
			isa = XCBuildConfiguration;
			buildSettings = {
				ASSETCATALOG_COMPILER_APPICON_NAME = AppIcon;
				ASSETCATALOG_COMPILER_GLOBAL_ACCENT_COLOR_NAME = AccentColor;
				CODE_SIGN_IDENTITY = "iPhone Developer";
				INFOPLIST_FILE = PickleballAI/Info.plist;
				INFOPLIST_KEY_CFBundleDisplayName = pickleball.ai;
				INFOPLIST_KEY_UIApplicationSupportsIndirectInputEvents = YES;
				INFOPLIST_KEY_UILaunchScreen_Generation = YES;
				LD_RUNPATH_SEARCH_PATHS = (
					"$(inherited)",
					"@executable_path/Frameworks",
				);
				PRODUCT_BUNDLE_IDENTIFIER = com.pickleball.ai;
				PRODUCT_NAME = PickleballAI;
				SDKROOT = iphoneos;
				TARGETED_DEVICE_FAMILY = 1;
			};
			name = Release;
		};
		F213B347262FDBA67E8C9ED6 /* Debug */ = {
			isa = XCBuildConfiguration;
			buildSettings = {
				ASSETCATALOG_COMPILER_APPICON_NAME = AppIcon;
				ASSETCATALOG_COMPILER_GLOBAL_ACCENT_COLOR_NAME = AccentColor;
				CODE_SIGN_IDENTITY = "iPhone Developer";
				INFOPLIST_FILE = PickleballAI/Info.plist;
				INFOPLIST_KEY_CFBundleDisplayName = pickleball.ai;
				INFOPLIST_KEY_UIApplicationSupportsIndirectInputEvents = YES;
				INFOPLIST_KEY_UILaunchScreen_Generation = YES;
				LD_RUNPATH_SEARCH_PATHS = (
					"$(inherited)",
					"@executable_path/Frameworks",
				);
				PRODUCT_BUNDLE_IDENTIFIER = com.pickleball.ai;
				PRODUCT_NAME = PickleballAI;
				SDKROOT = iphoneos;
				TARGETED_DEVICE_FAMILY = 1;
			};
			name = Debug;
		};
/* End XCBuildConfiguration section */

/* Begin XCConfigurationList section */
		02DBA54B681134A51147131A /* Build configuration list for PBXProject "PickleballAI" */ = {
			isa = XCConfigurationList;
			buildConfigurations = (
				6AE9EB2BE4B63CA8AEAF6695 /* Debug */,
				63F5EDF15594A67046AD6184 /* Release */,
			);
			defaultConfigurationIsVisible = 0;
			defaultConfigurationName = Debug;
		};
		A7C4CD515EC3718A68FDBAED /* Build configuration list for PBXNativeTarget "PickleballAI" */ = {
			isa = XCConfigurationList;
			buildConfigurations = (
				F213B347262FDBA67E8C9ED6 /* Debug */,
				BEBD835F2AC8891EDDE7977D /* Release */,
			);
			defaultConfigurationIsVisible = 0;
			defaultConfigurationName = Debug;
		};
/* End XCConfigurationList section */

/* Begin XCRemoteSwiftPackageReference section */
		445F1CEC4B259418C30009CB /* XCRemoteSwiftPackageReference "supabase-swift" */ = {
			isa = XCRemoteSwiftPackageReference;
			repositoryURL = "https://github.com/supabase/supabase-swift";
			requirement = {
				kind = upToNextMajorVersion;
				minimumVersion = 2.0.0;
			};
		};
/* End XCRemoteSwiftPackageReference section */

/* Begin XCSwiftPackageProductDependency section */
		54014EB97F18D699B5E8FE5C /* Supabase */ = {
			isa = XCSwiftPackageProductDependency;
			package = 445F1CEC4B259418C30009CB /* XCRemoteSwiftPackageReference "supabase-swift" */;
			productName = Supabase;
		};
/* End XCSwiftPackageProductDependency section */
	};
	rootObject = FB8FB6D41A0B6CE682CE30D0 /* Project object */;
}
